
Microsoft Visual Studio Solution File, Format Version 12.00
# Visual Studio Version 17
VisualStudioVersion = 17.8.34330.188
MinimumVisualStudioVersion = 10.0.40219.1
Project("{FAE04EC0-301F-11D3-BF4B-00C04F79EFBC}") = "TicTacToe.App", "TicTacToe.App.csproj", "{349720A0-5497-44CF-AA34-9EBD0495E9D0}"
EndProject
Global
	GlobalSection(SolutionConfigurationPlatforms) = preSolution
		Debug|Any CPU = Debug|Any CPU
		Release|Any CPU = Release|Any CPU
	EndGlobalSection
	GlobalSection(ProjectConfigurationPlatforms) = postSolution
		{349720A0-5497-44CF-AA34-9EBD0495E9D0}.Debug|Any CPU.ActiveCfg = Debug|Any CPU
		{349720A0-5497-44CF-AA34-9EBD0495E9D0}.Debug|Any CPU.Build.0 = Debug|Any CPU
		{349720A0-5497-44CF-AA34-9EBD0495E9D0}.Release|Any CPU.ActiveCfg = Release|Any CPU
		{349720A0-5497-44CF-AA34-9EBD0495E9D0}.Release|Any CPU.Build.0 = Release|Any CPU
	EndGlobalSection
	GlobalSection(SolutionProperties) = preSolution
		HideSolutionNode = FALSE
	EndGlobalSection
	GlobalSection(ExtensibilityGlobals) = postSolution
		SolutionGuid = {0DE09B9C-96F7-453A-BDAE-F9E82C9786E4}
	EndGlobalSection
EndGlobal
